
Microsoft Visual Studio Solution File, Format Version 12.00
# Visual Studio Version 16
VisualStudioVersion = 16.0.30406.217
MinimumVisualStudioVersion = 10.0.40219.1
Project("{9A19103F-16F7-4668-BE54-9A1E7A4F7556}") = "Actividad1Parametros171G0242", "..\..\..\..\..\Documents\7mo Semestre\Programacion Web\Unidad2\PrograWebU2A1PasarParametros\Actividad1Parametros171G0242\Actividad1Parametros171G0242.csproj", "{99ACA49A-DAB8-45EF-A443-92C5DC011737}"
EndProject
Global
	GlobalSection(SolutionConfigurationPlatforms) = preSolution
		Debug|Any CPU = Debug|Any CPU
		Release|Any CPU = Release|Any CPU
	EndGlobalSection
	GlobalSection(ProjectConfigurationPlatforms) = postSolution
		{99ACA49A-DAB8-45EF-A443-92C5DC011737}.Debug|Any CPU.ActiveCfg = Debug|Any CPU
		{99ACA49A-DAB8-45EF-A443-92C5DC011737}.Debug|Any CPU.Build.0 = Debug|Any CPU
		{99ACA49A-DAB8-45EF-A443-92C5DC011737}.Release|Any CPU.ActiveCfg = Release|Any CPU
		{99ACA49A-DAB8-45EF-A443-92C5DC011737}.Release|Any CPU.Build.0 = Release|Any CPU
	EndGlobalSection
	GlobalSection(SolutionProperties) = preSolution
		HideSolutionNode = FALSE
	EndGlobalSection
	GlobalSection(ExtensibilityGlobals) = postSolution
		SolutionGuid = {610971DE-E742-4D7E-A70E-0DCF8DFAAE66}
	EndGlobalSection
EndGlobal
