
Microsoft Visual Studio Solution File, Format Version 12.00
# Visual Studio Version 16
VisualStudioVersion = 16.0.30406.217
MinimumVisualStudioVersion = 10.0.40219.1
Project("{9A19103F-16F7-4668-BE54-9A1E7A4F7556}") = "Unidad2Actividad2", "..\Unidad2Actividad2\Unidad2Actividad2\Unidad2Actividad2.csproj", "{D31B35F8-57A8-48B8-81C2-96074BB9BCE9}"
EndProject
Project("{9A19103F-16F7-4668-BE54-9A1E7A4F7556}") = "Actividad1Parametros171G0242", "..\PrograWebU2A1PasarParametros\Actividad1Parametros171G0242\Actividad1Parametros171G0242.csproj", "{CE6A501C-0BE3-4C5C-981A-4C7C144042EF}"
EndProject
Project("{9A19103F-16F7-4668-BE54-9A1E7A4F7556}") = "Practica2", "..\Practica2\Practica2\Practica2.csproj", "{CE8371B4-96CE-4E4C-89DE-FE669902FA40}"
EndProject
Project("{9A19103F-16F7-4668-BE54-9A1E7A4F7556}") = "U2Actividad4Routing", "..\U2Actividad4Routing\U2Actividad4Routing\U2Actividad4Routing.csproj", "{B74AFDAB-59A3-4610-A075-84FF16D740AA}"
EndProject
Project("{9A19103F-16F7-4668-BE54-9A1E7A4F7556}") = "U2Actividad5Servicios", "..\U2Actividad5Servicios\U2Actividad5Servicios\U2Actividad5Servicios.csproj", "{C3AFED4D-9EA9-456F-B041-F359963DB57E}"
EndProject
Global
	GlobalSection(SolutionConfigurationPlatforms) = preSolution
		Debug|Any CPU = Debug|Any CPU
		Release|Any CPU = Release|Any CPU
	EndGlobalSection
	GlobalSection(ProjectConfigurationPlatforms) = postSolution
		{D31B35F8-57A8-48B8-81C2-96074BB9BCE9}.Debug|Any CPU.ActiveCfg = Debug|Any CPU
		{D31B35F8-57A8-48B8-81C2-96074BB9BCE9}.Debug|Any CPU.Build.0 = Debug|Any CPU
		{D31B35F8-57A8-48B8-81C2-96074BB9BCE9}.Release|Any CPU.ActiveCfg = Release|Any CPU
		{D31B35F8-57A8-48B8-81C2-96074BB9BCE9}.Release|Any CPU.Build.0 = Release|Any CPU
		{CE6A501C-0BE3-4C5C-981A-4C7C144042EF}.Debug|Any CPU.ActiveCfg = Debug|Any CPU
		{CE6A501C-0BE3-4C5C-981A-4C7C144042EF}.Debug|Any CPU.Build.0 = Debug|Any CPU
		{CE6A501C-0BE3-4C5C-981A-4C7C144042EF}.Release|Any CPU.ActiveCfg = Release|Any CPU
		{CE6A501C-0BE3-4C5C-981A-4C7C144042EF}.Release|Any CPU.Build.0 = Release|Any CPU
		{CE8371B4-96CE-4E4C-89DE-FE669902FA40}.Debug|Any CPU.ActiveCfg = Debug|Any CPU
		{CE8371B4-96CE-4E4C-89DE-FE669902FA40}.Debug|Any CPU.Build.0 = Debug|Any CPU
		{CE8371B4-96CE-4E4C-89DE-FE669902FA40}.Release|Any CPU.ActiveCfg = Release|Any CPU
		{CE8371B4-96CE-4E4C-89DE-FE669902FA40}.Release|Any CPU.Build.0 = Release|Any CPU
		{B74AFDAB-59A3-4610-A075-84FF16D740AA}.Debug|Any CPU.ActiveCfg = Debug|Any CPU
		{B74AFDAB-59A3-4610-A075-84FF16D740AA}.Debug|Any CPU.Build.0 = Debug|Any CPU
		{B74AFDAB-59A3-4610-A075-84FF16D740AA}.Release|Any CPU.ActiveCfg = Release|Any CPU
		{B74AFDAB-59A3-4610-A075-84FF16D740AA}.Release|Any CPU.Build.0 = Release|Any CPU
		{C3AFED4D-9EA9-456F-B041-F359963DB57E}.Debug|Any CPU.ActiveCfg = Debug|Any CPU
		{C3AFED4D-9EA9-456F-B041-F359963DB57E}.Debug|Any CPU.Build.0 = Debug|Any CPU
		{C3AFED4D-9EA9-456F-B041-F359963DB57E}.Release|Any CPU.ActiveCfg = Release|Any CPU
		{C3AFED4D-9EA9-456F-B041-F359963DB57E}.Release|Any CPU.Build.0 = Release|Any CPU
	EndGlobalSection
	GlobalSection(SolutionProperties) = preSolution
		HideSolutionNode = FALSE
	EndGlobalSection
	GlobalSection(ExtensibilityGlobals) = postSolution
		SolutionGuid = {BD1E4814-1D97-4649-8BAE-07565E806B7F}
	EndGlobalSection
EndGlobal
